
Microsoft Visual Studio Solution File, Format Version 12.00
# Visual Studio Version 17
VisualStudioVersion = 17.4.33205.214
MinimumVisualStudioVersion = 10.0.40219.1
Project("{FAE04EC0-301F-11D3-BF4B-00C04F79EFBC}") = "WindowsFormsApp1", "WindowsFormsApp1.csproj", "{0095F839-A354-4F96-AA8C-1E0061924E7F}"
EndProject
Global
	GlobalSection(SolutionConfigurationPlatforms) = preSolution
		Debug|Any CPU = Debug|Any CPU
		Release|Any CPU = Release|Any CPU
	EndGlobalSection
	GlobalSection(ProjectConfigurationPlatforms) = postSolution
		{0095F839-A354-4F96-AA8C-1E0061924E7F}.Debug|Any CPU.ActiveCfg = Debug|Any CPU
		{0095F839-A354-4F96-AA8C-1E0061924E7F}.Debug|Any CPU.Build.0 = Debug|Any CPU
		{0095F839-A354-4F96-AA8C-1E0061924E7F}.Release|Any CPU.ActiveCfg = Release|Any CPU
		{0095F839-A354-4F96-AA8C-1E0061924E7F}.Release|Any CPU.Build.0 = Release|Any CPU
	EndGlobalSection
	GlobalSection(SolutionProperties) = preSolution
		HideSolutionNode = FALSE
	EndGlobalSection
	GlobalSection(ExtensibilityGlobals) = postSolution
		SolutionGuid = {76CD0C61-EDA7-4DE1-BEB1-B3CD8ED54AD7}
	EndGlobalSection
EndGlobal
