
Microsoft Visual Studio Solution File, Format Version 12.00
# Visual Studio Version 17
VisualStudioVersion = 17.6.33712.159
MinimumVisualStudioVersion = 10.0.40219.1
Project("{FAE04EC0-301F-11D3-BF4B-00C04F79EFBC}") = "Exam", "Exam.csproj", "{F511E1CD-8689-413E-8171-CB208B7A3A4E}"
EndProject
Project("{FAE04EC0-301F-11D3-BF4B-00C04F79EFBC}") = "SecondProblem", "..\SecondProblem\SecondProblem.csproj", "{D3B3F741-357C-49DE-BAB5-2FC2773ADD13}"
EndProject
Global
	GlobalSection(SolutionConfigurationPlatforms) = preSolution
		Debug|Any CPU = Debug|Any CPU
		Release|Any CPU = Release|Any CPU
	EndGlobalSection
	GlobalSection(ProjectConfigurationPlatforms) = postSolution
		{F511E1CD-8689-413E-8171-CB208B7A3A4E}.Debug|Any CPU.ActiveCfg = Debug|Any CPU
		{F511E1CD-8689-413E-8171-CB208B7A3A4E}.Debug|Any CPU.Build.0 = Debug|Any CPU
		{F511E1CD-8689-413E-8171-CB208B7A3A4E}.Release|Any CPU.ActiveCfg = Release|Any CPU
		{F511E1CD-8689-413E-8171-CB208B7A3A4E}.Release|Any CPU.Build.0 = Release|Any CPU
		{D3B3F741-357C-49DE-BAB5-2FC2773ADD13}.Debug|Any CPU.ActiveCfg = Debug|Any CPU
		{D3B3F741-357C-49DE-BAB5-2FC2773ADD13}.Debug|Any CPU.Build.0 = Debug|Any CPU
		{D3B3F741-357C-49DE-BAB5-2FC2773ADD13}.Release|Any CPU.ActiveCfg = Release|Any CPU
		{D3B3F741-357C-49DE-BAB5-2FC2773ADD13}.Release|Any CPU.Build.0 = Release|Any CPU
	EndGlobalSection
	GlobalSection(SolutionProperties) = preSolution
		HideSolutionNode = FALSE
	EndGlobalSection
	GlobalSection(ExtensibilityGlobals) = postSolution
		SolutionGuid = {A06C0F08-E458-4AE2-AF96-DD34D8D4E1E8}
	EndGlobalSection
EndGlobal
