
Microsoft Visual Studio Solution File, Format Version 12.00
# Visual Studio Version 16
VisualStudioVersion = 25.0.1705.7
MinimumVisualStudioVersion = 10.0.40219.1
Project("{FAE04EC0-301F-11D3-BF4B-00C04F79EFBC}") = "DoWhileStatement", "DoWhileStatement\DoWhileStatement.csproj", "{A95ED390-EC67-4509-80A1-0C200D672AF1}"
EndProject
Project("{FAE04EC0-301F-11D3-BF4B-00C04F79EFBC}") = "BiggestNumber", "LoopsAndConditionals\BiggestNumber.csproj", "{8E414F06-744B-451D-A4E7-1C50337A8B2A}"
EndProject
Project("{FAE04EC0-301F-11D3-BF4B-00C04F79EFBC}") = "NumberToLetterFromTheAlphabet", "NumberToLetterFromTheAlphabet\NumberToLetterFromTheAlphabet.csproj", "{7111AD8D-AC51-4077-A902-665CC70F0687}"
EndProject
Project("{FAE04EC0-301F-11D3-BF4B-00C04F79EFBC}") = "ThreeDigitNumbersDivision", "ThreeDigitNumbersDivision\ThreeDigitNumbersDivision.csproj", "{B2FFE397-D91E-46C5-A1C2-EAB856A0AFB6}"
EndProject
Project("{FAE04EC0-301F-11D3-BF4B-00C04F79EFBC}") = "ThreeDigitNumberToChar", "ThreeDigitNumberToChar\ThreeDigitNumberToChar.csproj", "{0CDBF7E0-B8A9-4826-A8B0-F29196E047A9}"
EndProject
Global
	GlobalSection(SolutionConfigurationPlatforms) = preSolution
		Debug|Any CPU = Debug|Any CPU
		Release|Any CPU = Release|Any CPU
	EndGlobalSection
	GlobalSection(ProjectConfigurationPlatforms) = postSolution
		{A95ED390-EC67-4509-80A1-0C200D672AF1}.Debug|Any CPU.ActiveCfg = Debug|Any CPU
		{A95ED390-EC67-4509-80A1-0C200D672AF1}.Debug|Any CPU.Build.0 = Debug|Any CPU
		{A95ED390-EC67-4509-80A1-0C200D672AF1}.Release|Any CPU.ActiveCfg = Release|Any CPU
		{A95ED390-EC67-4509-80A1-0C200D672AF1}.Release|Any CPU.Build.0 = Release|Any CPU
		{8E414F06-744B-451D-A4E7-1C50337A8B2A}.Debug|Any CPU.ActiveCfg = Debug|Any CPU
		{8E414F06-744B-451D-A4E7-1C50337A8B2A}.Debug|Any CPU.Build.0 = Debug|Any CPU
		{8E414F06-744B-451D-A4E7-1C50337A8B2A}.Release|Any CPU.ActiveCfg = Release|Any CPU
		{8E414F06-744B-451D-A4E7-1C50337A8B2A}.Release|Any CPU.Build.0 = Release|Any CPU
		{7111AD8D-AC51-4077-A902-665CC70F0687}.Debug|Any CPU.ActiveCfg = Debug|Any CPU
		{7111AD8D-AC51-4077-A902-665CC70F0687}.Debug|Any CPU.Build.0 = Debug|Any CPU
		{7111AD8D-AC51-4077-A902-665CC70F0687}.Release|Any CPU.ActiveCfg = Release|Any CPU
		{7111AD8D-AC51-4077-A902-665CC70F0687}.Release|Any CPU.Build.0 = Release|Any CPU
		{B2FFE397-D91E-46C5-A1C2-EAB856A0AFB6}.Debug|Any CPU.ActiveCfg = Debug|Any CPU
		{B2FFE397-D91E-46C5-A1C2-EAB856A0AFB6}.Debug|Any CPU.Build.0 = Debug|Any CPU
		{B2FFE397-D91E-46C5-A1C2-EAB856A0AFB6}.Release|Any CPU.ActiveCfg = Release|Any CPU
		{B2FFE397-D91E-46C5-A1C2-EAB856A0AFB6}.Release|Any CPU.Build.0 = Release|Any CPU
		{0CDBF7E0-B8A9-4826-A8B0-F29196E047A9}.Debug|Any CPU.ActiveCfg = Debug|Any CPU
		{0CDBF7E0-B8A9-4826-A8B0-F29196E047A9}.Debug|Any CPU.Build.0 = Debug|Any CPU
		{0CDBF7E0-B8A9-4826-A8B0-F29196E047A9}.Release|Any CPU.ActiveCfg = Release|Any CPU
		{0CDBF7E0-B8A9-4826-A8B0-F29196E047A9}.Release|Any CPU.Build.0 = Release|Any CPU
	EndGlobalSection
	GlobalSection(SolutionProperties) = preSolution
		HideSolutionNode = FALSE
	EndGlobalSection
	GlobalSection(ExtensibilityGlobals) = postSolution
		SolutionGuid = {99B02D82-3D95-4723-A3DE-0E9D6C8D74B0}
	EndGlobalSection
	GlobalSection(MonoDevelopProperties) = preSolution
		outputpath = .
	EndGlobalSection
EndGlobal
