
Microsoft Visual Studio Solution File, Format Version 12.00
# Visual Studio Version 16
VisualStudioVersion = 25.0.1705.7
MinimumVisualStudioVersion = 10.0.40219.1
Project("{FAE04EC0-301F-11D3-BF4B-00C04F79EFBC}") = "ReversingArrayValues", "ReversingArrayValues\ReversingArrayValues.csproj", "{90B020BF-46D0-4BB3-9504-3809515BC45F}"
EndProject
Project("{FAE04EC0-301F-11D3-BF4B-00C04F79EFBC}") = "ElementsFrequencyInArray", "ElementsFrequencyInArray\ElementsFrequencyInArray.csproj", "{5618D13A-BD60-4050-A36E-9F0132E7EFBA}"
EndProject
Project("{FAE04EC0-301F-11D3-BF4B-00C04F79EFBC}") = "TransponateMatrix", "TransponateMatrix\TransponateMatrix.csproj", "{FD4981C1-C981-4765-A270-A59A2810E725}"
EndProject
Global
	GlobalSection(SolutionConfigurationPlatforms) = preSolution
		Debug|Any CPU = Debug|Any CPU
		Release|Any CPU = Release|Any CPU
	EndGlobalSection
	GlobalSection(ProjectConfigurationPlatforms) = postSolution
		{90B020BF-46D0-4BB3-9504-3809515BC45F}.Debug|Any CPU.ActiveCfg = Debug|Any CPU
		{90B020BF-46D0-4BB3-9504-3809515BC45F}.Debug|Any CPU.Build.0 = Debug|Any CPU
		{90B020BF-46D0-4BB3-9504-3809515BC45F}.Release|Any CPU.ActiveCfg = Release|Any CPU
		{90B020BF-46D0-4BB3-9504-3809515BC45F}.Release|Any CPU.Build.0 = Release|Any CPU
		{5618D13A-BD60-4050-A36E-9F0132E7EFBA}.Debug|Any CPU.ActiveCfg = Debug|Any CPU
		{5618D13A-BD60-4050-A36E-9F0132E7EFBA}.Debug|Any CPU.Build.0 = Debug|Any CPU
		{5618D13A-BD60-4050-A36E-9F0132E7EFBA}.Release|Any CPU.ActiveCfg = Release|Any CPU
		{5618D13A-BD60-4050-A36E-9F0132E7EFBA}.Release|Any CPU.Build.0 = Release|Any CPU
		{FD4981C1-C981-4765-A270-A59A2810E725}.Debug|Any CPU.ActiveCfg = Debug|Any CPU
		{FD4981C1-C981-4765-A270-A59A2810E725}.Debug|Any CPU.Build.0 = Debug|Any CPU
		{FD4981C1-C981-4765-A270-A59A2810E725}.Release|Any CPU.ActiveCfg = Release|Any CPU
		{FD4981C1-C981-4765-A270-A59A2810E725}.Release|Any CPU.Build.0 = Release|Any CPU
	EndGlobalSection
	GlobalSection(SolutionProperties) = preSolution
		HideSolutionNode = FALSE
	EndGlobalSection
	GlobalSection(ExtensibilityGlobals) = postSolution
		SolutionGuid = {0A9C16FD-FD52-4C75-8D38-D7330600378A}
	EndGlobalSection
EndGlobal
