
Microsoft Visual Studio Solution File, Format Version 12.00
# Visual Studio Version 16
VisualStudioVersion = 25.0.1705.7
MinimumVisualStudioVersion = 10.0.40219.1
Project("{FAE04EC0-301F-11D3-BF4B-00C04F79EFBC}") = "NumberToLetterFromTheAlphabet", "NumberToLetterFromTheAlphabet.csproj", "{5BF5C6EE-F853-4DB4-AC1B-95C32587DE7B}"
EndProject
Global
	GlobalSection(SolutionConfigurationPlatforms) = preSolution
		Debug|Any CPU = Debug|Any CPU
		Release|Any CPU = Release|Any CPU
	EndGlobalSection
	GlobalSection(ProjectConfigurationPlatforms) = postSolution
		{5BF5C6EE-F853-4DB4-AC1B-95C32587DE7B}.Debug|Any CPU.ActiveCfg = Debug|Any CPU
		{5BF5C6EE-F853-4DB4-AC1B-95C32587DE7B}.Debug|Any CPU.Build.0 = Debug|Any CPU
		{5BF5C6EE-F853-4DB4-AC1B-95C32587DE7B}.Release|Any CPU.ActiveCfg = Release|Any CPU
		{5BF5C6EE-F853-4DB4-AC1B-95C32587DE7B}.Release|Any CPU.Build.0 = Release|Any CPU
	EndGlobalSection
	GlobalSection(SolutionProperties) = preSolution
		HideSolutionNode = FALSE
	EndGlobalSection
	GlobalSection(ExtensibilityGlobals) = postSolution
		SolutionGuid = {FE956ADC-6EDE-43C5-A225-06322352B377}
	EndGlobalSection
EndGlobal
