
Microsoft Visual Studio Solution File, Format Version 12.00
# Visual Studio Version 16
VisualStudioVersion = 25.0.1705.7
MinimumVisualStudioVersion = 10.0.40219.1
Project("{FAE04EC0-301F-11D3-BF4B-00C04F79EFBC}") = "ThreeDigitNumberToChar", "ThreeDigitNumberToChar.csproj", "{A3A46642-DAC6-4130-BBF9-BD2B2D51FDA2}"
EndProject
Global
	GlobalSection(SolutionConfigurationPlatforms) = preSolution
		Debug|Any CPU = Debug|Any CPU
		Release|Any CPU = Release|Any CPU
	EndGlobalSection
	GlobalSection(ProjectConfigurationPlatforms) = postSolution
		{A3A46642-DAC6-4130-BBF9-BD2B2D51FDA2}.Debug|Any CPU.ActiveCfg = Debug|Any CPU
		{A3A46642-DAC6-4130-BBF9-BD2B2D51FDA2}.Debug|Any CPU.Build.0 = Debug|Any CPU
		{A3A46642-DAC6-4130-BBF9-BD2B2D51FDA2}.Release|Any CPU.ActiveCfg = Release|Any CPU
		{A3A46642-DAC6-4130-BBF9-BD2B2D51FDA2}.Release|Any CPU.Build.0 = Release|Any CPU
	EndGlobalSection
	GlobalSection(SolutionProperties) = preSolution
		HideSolutionNode = FALSE
	EndGlobalSection
	GlobalSection(ExtensibilityGlobals) = postSolution
		SolutionGuid = {3AB9118D-84EF-4722-BD6F-255DDC53A3F3}
	EndGlobalSection
EndGlobal
